
Microsoft Visual Studio Solution File, Format Version 12.00
# Visual Studio 15
VisualStudioVersion = 15.0.28010.2046
MinimumVisualStudioVersion = 10.0.40219.1
Project("{FAE04EC0-301F-11D3-BF4B-00C04F79EFBC}") = "GenericContext", "GenericContext\GenericContext.csproj", "{8E4FFDE7-95D8-41B7-91C3-1D04CA97AFBA}"
EndProject
Global
	GlobalSection(SolutionConfigurationPlatforms) = preSolution
		Debug|Any CPU = Debug|Any CPU
		Release|Any CPU = Release|Any CPU
	EndGlobalSection
	GlobalSection(ProjectConfigurationPlatforms) = postSolution
		{8E4FFDE7-95D8-41B7-91C3-1D04CA97AFBA}.Debug|Any CPU.ActiveCfg = Debug|Any CPU
		{8E4FFDE7-95D8-41B7-91C3-1D04CA97AFBA}.Debug|Any CPU.Build.0 = Debug|Any CPU
		{8E4FFDE7-95D8-41B7-91C3-1D04CA97AFBA}.Release|Any CPU.ActiveCfg = Release|Any CPU
		{8E4FFDE7-95D8-41B7-91C3-1D04CA97AFBA}.Release|Any CPU.Build.0 = Release|Any CPU
	EndGlobalSection
	GlobalSection(SolutionProperties) = preSolution
		HideSolutionNode = FALSE
	EndGlobalSection
	GlobalSection(ExtensibilityGlobals) = postSolution
		SolutionGuid = {1595FE9B-4BD7-412A-9FE0-D54CB8DA8817}
	EndGlobalSection
EndGlobal
